PODS:
  - CocoaSecurity (1.2.4)
  - MJExtension (3.0.13)
  - Realm (2.0.2):
    - Realm/Headers (= 2.0.2)
  - Realm/Headers (2.0.2)
  - SDWebImage (3.8.2):
    - SDWebImage/Core (= 3.8.2)
  - SDWebImage/Core (3.8.2)
  - UICKeyChainStore (2.1.0)

DEPENDENCIES:
  - CocoaSecurity
  - MJExtension
  - Realm
  - SDWebImage
  - UICKeyChainStore

SPEC CHECKSUMS:
  CocoaSecurity: d288a6f87e0f363823d2cb83e753814a6944f71a
  MJExtension: 5932755f451458eefa24239358817f8d291240c7
  Realm: 0f5a194af0b7e6158b83db41b4ee1a00be7ddf1a
  SDWebImage: 098e97e6176540799c27e804c96653ee0833d13c
  UICKeyChainStore: f1cbd42216a113f0165de1e733e62905b8823432

PODFILE CHECKSUM: 8a7c8722548af2d0c7b972b198e5a2b9294ae382

COCOAPODS: 1.1.0.rc.2
