// !$*UTF8*$!
{
	archiveVersion = 1;
	classes = {
	};
	objectVersion = 46;
	objects = {

/* Begin PBXBuildFile section */
		013423811D6C4B6700799E34 /* main.m in Sources */ = {isa = PBXBuildFile; fileRef = 013423801D6C4B6700799E34 /* main.m */; };
		013423841D6C4B6700799E34 /* AppDelegate.m in Sources */ = {isa = PBXBuildFile; fileRef = 013423831D6C4B6700799E34 /* AppDelegate.m */; };
		013423871D6C4B6700799E34 /* ViewController.m in Sources */ = {isa = PBXBuildFile; fileRef = 013423861D6C4B6700799E34 /* ViewController.m */; };
		0134238A1D6C4B6700799E34 /* Main.storyboard in Resources */ = {isa = PBXBuildFile; fileRef = 013423881D6C4B6700799E34 /* Main.storyboard */; };
		0134238C1D6C4B6700799E34 /* Assets.xcassets in Resources */ = {isa = PBXBuildFile; fileRef = 0134238B1D6C4B6700799E34 /* Assets.xcassets */; };
		0134238F1D6C4B6700799E34 /* LaunchScreen.storyboard in Resources */ = {isa = PBXBuildFile; fileRef = 0134238D1D6C4B6700799E34 /* LaunchScreen.storyboard */; };
		0134239A1D6C4B6700799E34 /* JYObjectModuleTests.m in Sources */ = {isa = PBXBuildFile; fileRef = 013423991D6C4B6700799E34 /* JYObjectModuleTests.m */; };
		013423A51D6C4B6700799E34 /* JYObjectModuleUITests.m in Sources */ = {isa = PBXBuildFile; fileRef = 013423A41D6C4B6700799E34 /* JYObjectModuleUITests.m */; };
		01A111F01D6DD52700131431 /* JYObject.m in Sources */ = {isa = PBXBuildFile; fileRef = 01A111EF1D6DD52700131431 /* JYObject.m */; };
		01A111F31D6DD54A00131431 /* JYImageObject.m in Sources */ = {isa = PBXBuildFile; fileRef = 01A111F21D6DD54A00131431 /* JYImageObject.m */; };
		01A111F61D6DD6AC00131431 /* JYBannerObject.m in Sources */ = {isa = PBXBuildFile; fileRef = 01A111F51D6DD6AC00131431 /* JYBannerObject.m */; };
		01A111F91D6DDAA000131431 /* JYLocationObject.m in Sources */ = {isa = PBXBuildFile; fileRef = 01A111F81D6DDAA000131431 /* JYLocationObject.m */; };
		01A111FC1D6DDBB200131431 /* JYCommentObject.m in Sources */ = {isa = PBXBuildFile; fileRef = 01A111FB1D6DDBB200131431 /* JYCommentObject.m */; };
		01A111FF1D6E87EC00131431 /* JYUserObject.m in Sources */ = {isa = PBXBuildFile; fileRef = 01A111FE1D6E87EC00131431 /* JYUserObject.m */; };
		01A112021D6E8AB600131431 /* JYPostObject.m in Sources */ = {isa = PBXBuildFile; fileRef = 01A112011D6E8AB600131431 /* JYPostObject.m */; };
		01A112051D6E8CFD00131431 /* JYStringObject.m in Sources */ = {isa = PBXBuildFile; fileRef = 01A112041D6E8CFD00131431 /* JYStringObject.m */; };
		01A1120B1D6E9E0400131431 /* JYPushNotificationObject.m in Sources */ = {isa = PBXBuildFile; fileRef = 01A1120A1D6E9E0400131431 /* JYPushNotificationObject.m */; };
		01A1120E1D6EA5A000131431 /* JYIdentifierObject.m in Sources */ = {isa = PBXBuildFile; fileRef = 01A1120D1D6EA5A000131431 /* JYIdentifierObject.m */; };
		01A112111D6EA6FE00131431 /* JYOrderObject.m in Sources */ = {isa = PBXBuildFile; fileRef = 01A112101D6EA6FE00131431 /* JYOrderObject.m */; };
		01A112141D6EA76200131431 /* JYProductObject.m in Sources */ = {isa = PBXBuildFile; fileRef = 01A112131D6EA76200131431 /* JYProductObject.m */; };
		01A112171D6EA96700131431 /* JYIntegerObject.m in Sources */ = {isa = PBXBuildFile; fileRef = 01A112161D6EA96700131431 /* JYIntegerObject.m */; };
		01A1121A1D6EBFC200131431 /* JYChainObject.m in Sources */ = {isa = PBXBuildFile; fileRef = 01A112191D6EBFC200131431 /* JYChainObject.m */; };
		01A1121D1D6EC85600131431 /* JYProductCategoryObject.m in Sources */ = {isa = PBXBuildFile; fileRef = 01A1121C1D6EC85600131431 /* JYProductCategoryObject.m */; };
		01A112241D6EC94700131431 /* JYPageObject.m in Sources */ = {isa = PBXBuildFile; fileRef = 01A112231D6EC94700131431 /* JYPageObject.m */; };
		01A112271D6ECA1E00131431 /* JYWalletObject.m in Sources */ = {isa = PBXBuildFile; fileRef = 01A112261D6ECA1E00131431 /* JYWalletObject.m */; };
		01A1122A1D6ECB2000131431 /* JYWithdrawalObject.m in Sources */ = {isa = PBXBuildFile; fileRef = 01A112291D6ECB2000131431 /* JYWithdrawalObject.m */; };
		01A1122D1D6ECD3C00131431 /* JYCashbackObject.m in Sources */ = {isa = PBXBuildFile; fileRef = 01A1122C1D6ECD3C00131431 /* JYCashbackObject.m */; };
		01A112301D6ED53C00131431 /* JYResponseObject.m in Sources */ = {isa = PBXBuildFile; fileRef = 01A1122F1D6ED53C00131431 /* JYResponseObject.m */; };
		01A112341D6FDBF200131431 /* JYAddressObject.m in Sources */ = {isa = PBXBuildFile; fileRef = 01A112331D6FDBF200131431 /* JYAddressObject.m */; };
		01A112371D6FEC3D00131431 /* JYNullObject.m in Sources */ = {isa = PBXBuildFile; fileRef = 01A112361D6FEC3D00131431 /* JYNullObject.m */; };
		01A1123A1D704EAE00131431 /* JYRewardObject.m in Sources */ = {isa = PBXBuildFile; fileRef = 01A112391D704EAE00131431 /* JYRewardObject.m */; };
		01A1123D1D706E5A00131431 /* JYUserVerifyResponseObject.m in Sources */ = {isa = PBXBuildFile; fileRef = 01A1123C1D706E5A00131431 /* JYUserVerifyResponseObject.m */; };
		01A112401D70919900131431 /* JYPreorderObject.m in Sources */ = {isa = PBXBuildFile; fileRef = 01A1123F1D70919900131431 /* JYPreorderObject.m */; };
		01A112431D70921400131431 /* JYChargeObject.m in Sources */ = {isa = PBXBuildFile; fileRef = 01A112421D70921400131431 /* JYChargeObject.m */; };
		01A112461D70932200131431 /* JYIncomeObject.m in Sources */ = {isa = PBXBuildFile; fileRef = 01A112451D70932200131431 /* JYIncomeObject.m */; };
		01A112491D7093B500131431 /* JYOutcomeObject.m in Sources */ = {isa = PBXBuildFile; fileRef = 01A112481D7093B500131431 /* JYOutcomeObject.m */; };
		01A112541D7115AA00131431 /* PostObject.m in Sources */ = {isa = PBXBuildFile; fileRef = 01A112511D7115AA00131431 /* PostObject.m */; };
		01A112551D7115AA00131431 /* UserObject.m in Sources */ = {isa = PBXBuildFile; fileRef = 01A112531D7115AA00131431 /* UserObject.m */; };
		01A112581D712A8500131431 /* JYRLMObject.m in Sources */ = {isa = PBXBuildFile; fileRef = 01A112571D712A8500131431 /* JYRLMObject.m */; };
		01A113B11D74778800131431 /* _RLMRealmConfiguration.plist in Resources */ = {isa = PBXBuildFile; fileRef = 01A113A61D74778800131431 /* _RLMRealmConfiguration.plist */; };
		01A113B31D74778800131431 /* JYRealmManager.m in Sources */ = {isa = PBXBuildFile; fileRef = 01A113AA1D74778800131431 /* JYRealmManager.m */; };
		01A113B41D74778800131431 /* RLMRealm+DataHandler.m in Sources */ = {isa = PBXBuildFile; fileRef = 01A113AC1D74778800131431 /* RLMRealm+DataHandler.m */; };
		01A113B51D74778800131431 /* RLMRealm+Migration.m in Sources */ = {isa = PBXBuildFile; fileRef = 01A113AE1D74778800131431 /* RLMRealm+Migration.m */; };
		01A113B61D74778800131431 /* RLMRealmConfiguration+Client.m in Sources */ = {isa = PBXBuildFile; fileRef = 01A113B01D74778800131431 /* RLMRealmConfiguration+Client.m */; };
		01A113B91D74806F00131431 /* JYClientObject.m in Sources */ = {isa = PBXBuildFile; fileRef = 01A113B81D74806F00131431 /* JYClientObject.m */; };
		01A113BC1D74827100131431 /* RLMObject+KeyValue.m in Sources */ = {isa = PBXBuildFile; fileRef = 01A113BB1D74827100131431 /* RLMObject+KeyValue.m */; };
		26E28937F087F5FF16E2F54D /* libPods-JYObjectModule.a in Frameworks */ = {isa = PBXBuildFile; fileRef = BF76E61B47DFF0171C2DC70F /* libPods-JYObjectModule.a */; };
/* End PBXBuildFile section */

/* Begin PBXContainerItemProxy section */
		013423961D6C4B6700799E34 /* PBXContainerItemProxy */ = {
			isa = PBXContainerItemProxy;
			containerPortal = 013423741D6C4B6700799E34 /* Project object */;
			proxyType = 1;
			remoteGlobalIDString = 0134237B1D6C4B6700799E34;
			remoteInfo = JYObjectModule;
		};
		013423A11D6C4B6700799E34 /* PBXContainerItemProxy */ = {
			isa = PBXContainerItemProxy;
			containerPortal = 013423741D6C4B6700799E34 /* Project object */;
			proxyType = 1;
			remoteGlobalIDString = 0134237B1D6C4B6700799E34;
			remoteInfo = JYObjectModule;
		};
/* End PBXContainerItemProxy section */

/* Begin PBXFileReference section */
		0134237C1D6C4B6700799E34 /* JYObjectModule.app */ = {isa = PBXFileReference; explicitFileType = wrapper.application; includeInIndex = 0; path = JYObjectModule.app; sourceTree = BUILT_PRODUCTS_DIR; };
		013423801D6C4B6700799E34 /* main.m */ = {isa = PBXFileReference; lastKnownFileType = sourcecode.c.objc; path = main.m; sourceTree = "<group>"; };
		013423821D6C4B6700799E34 /* AppDelegate.h */ = {isa = PBXFileReference; lastKnownFileType = sourcecode.c.h; path = AppDelegate.h; sourceTree = "<group>"; };
		013423831D6C4B6700799E34 /* AppDelegate.m */ = {isa = PBXFileReference; lastKnownFileType = sourcecode.c.objc; path = AppDelegate.m; sourceTree = "<group>"; };
		013423851D6C4B6700799E34 /* ViewController.h */ = {isa = PBXFileReference; lastKnownFileType = sourcecode.c.h; path = ViewController.h; sourceTree = "<group>"; };
		013423861D6C4B6700799E34 /* ViewController.m */ = {isa = PBXFileReference; lastKnownFileType = sourcecode.c.objc; path = ViewController.m; sourceTree = "<group>"; };
		013423891D6C4B6700799E34 /* Base */ = {isa = PBXFileReference; lastKnownFileType = file.storyboard; name = Base; path = Base.lproj/Main.storyboard; sourceTree = "<group>"; };
		0134238B1D6C4B6700799E34 /* Assets.xcassets */ = {isa = PBXFileReference; lastKnownFileType = folder.assetcatalog; path = Assets.xcassets; sourceTree = "<group>"; };
		0134238E1D6C4B6700799E34 /* Base */ = {isa = PBXFileReference; lastKnownFileType = file.storyboard; name = Base; path = Base.lproj/LaunchScreen.storyboard; sourceTree = "<group>"; };
		013423901D6C4B6700799E34 /* Info.plist */ = {isa = PBXFileReference; lastKnownFileType = text.plist.xml; path = Info.plist; sourceTree = "<group>"; };
		013423951D6C4B6700799E34 /* JYObjectModuleTests.xctest */ = {isa = PBXFileReference; explicitFileType = wrapper.cfbundle; includeInIndex = 0; path = JYObjectModuleTests.xctest; sourceTree = BUILT_PRODUCTS_DIR; };
		013423991D6C4B6700799E34 /* JYObjectModuleTests.m */ = {isa = PBXFileReference; lastKnownFileType = sourcecode.c.objc; path = JYObjectModuleTests.m; sourceTree = "<group>"; };
		0134239B1D6C4B6700799E34 /* Info.plist */ = {isa = PBXFileReference; lastKnownFileType = text.plist.xml; path = Info.plist; sourceTree = "<group>"; };
		013423A01D6C4B6700799E34 /* JYObjectModuleUITests.xctest */ = {isa = PBXFileReference; explicitFileType = wrapper.cfbundle; includeInIndex = 0; path = JYObjectModuleUITests.xctest; sourceTree = BUILT_PRODUCTS_DIR; };
		013423A41D6C4B6700799E34 /* JYObjectModuleUITests.m */ = {isa = PBXFileReference; lastKnownFileType = sourcecode.c.objc; path = JYObjectModuleUITests.m; sourceTree = "<group>"; };
		013423A61D6C4B6700799E34 /* Info.plist */ = {isa = PBXFileReference; lastKnownFileType = text.plist.xml; path = Info.plist; sourceTree = "<group>"; };
		01A111EE1D6DD52700131431 /* JYObject.h */ = {isa = PBXFileReference; fileEncoding = 4; lastKnownFileType = sourcecode.c.h; path = JYObject.h; sourceTree = "<group>"; };
		01A111EF1D6DD52700131431 /* JYObject.m */ = {isa = PBXFileReference; fileEncoding = 4; lastKnownFileType = sourcecode.c.objc; path = JYObject.m; sourceTree = "<group>"; };
		01A111F11D6DD54A00131431 /* JYImageObject.h */ = {isa = PBXFileReference; fileEncoding = 4; lastKnownFileType = sourcecode.c.h; path = JYImageObject.h; sourceTree = "<group>"; };
		01A111F21D6DD54A00131431 /* JYImageObject.m */ = {isa = PBXFileReference; fileEncoding = 4; lastKnownFileType = sourcecode.c.objc; path = JYImageObject.m; sourceTree = "<group>"; };
		01A111F41D6DD6AC00131431 /* JYBannerObject.h */ = {isa = PBXFileReference; fileEncoding = 4; lastKnownFileType = sourcecode.c.h; path = JYBannerObject.h; sourceTree = "<group>"; };
		01A111F51D6DD6AC00131431 /* JYBannerObject.m */ = {isa = PBXFileReference; fileEncoding = 4; lastKnownFileType = sourcecode.c.objc; path = JYBannerObject.m; sourceTree = "<group>"; };
		01A111F71D6DDAA000131431 /* JYLocationObject.h */ = {isa = PBXFileReference; fileEncoding = 4; lastKnownFileType = sourcecode.c.h; path = JYLocationObject.h; sourceTree = "<group>"; };
		01A111F81D6DDAA000131431 /* JYLocationObject.m */ = {isa = PBXFileReference; fileEncoding = 4; lastKnownFileType = sourcecode.c.objc; path = JYLocationObject.m; sourceTree = "<group>"; };
		01A111FA1D6DDBB200131431 /* JYCommentObject.h */ = {isa = PBXFileReference; fileEncoding = 4; lastKnownFileType = sourcecode.c.h; path = JYCommentObject.h; sourceTree = "<group>"; };
		01A111FB1D6DDBB200131431 /* JYCommentObject.m */ = {isa = PBXFileReference; fileEncoding = 4; lastKnownFileType = sourcecode.c.objc; path = JYCommentObject.m; sourceTree = "<group>"; };
		01A111FD1D6E87EC00131431 /* JYUserObject.h */ = {isa = PBXFileReference; fileEncoding = 4; lastKnownFileType = sourcecode.c.h; path = JYUserObject.h; sourceTree = "<group>"; };
		01A111FE1D6E87EC00131431 /* JYUserObject.m */ = {isa = PBXFileReference; fileEncoding = 4; lastKnownFileType = sourcecode.c.objc; path = JYUserObject.m; sourceTree = "<group>"; };
		01A112001D6E8AB600131431 /* JYPostObject.h */ = {isa = PBXFileReference; fileEncoding = 4; lastKnownFileType = sourcecode.c.h; path = JYPostObject.h; sourceTree = "<group>"; };
		01A112011D6E8AB600131431 /* JYPostObject.m */ = {isa = PBXFileReference; fileEncoding = 4; lastKnownFileType = sourcecode.c.objc; path = JYPostObject.m; sourceTree = "<group>"; };
		01A112031D6E8CFD00131431 /* JYStringObject.h */ = {isa = PBXFileReference; fileEncoding = 4; lastKnownFileType = sourcecode.c.h; path = JYStringObject.h; sourceTree = "<group>"; };
		01A112041D6E8CFD00131431 /* JYStringObject.m */ = {isa = PBXFileReference; fileEncoding = 4; lastKnownFileType = sourcecode.c.objc; path = JYStringObject.m; sourceTree = "<group>"; };
		01A112091D6E9E0400131431 /* JYPushNotificationObject.h */ = {isa = PBXFileReference; fileEncoding = 4; lastKnownFileType = sourcecode.c.h; path = JYPushNotificationObject.h; sourceTree = "<group>"; };
		01A1120A1D6E9E0400131431 /* JYPushNotificationObject.m */ = {isa = PBXFileReference; fileEncoding = 4; lastKnownFileType = sourcecode.c.objc; path = JYPushNotificationObject.m; sourceTree = "<group>"; };
		01A1120C1D6EA5A000131431 /* JYIdentifierObject.h */ = {isa = PBXFileReference; fileEncoding = 4; lastKnownFileType = sourcecode.c.h; path = JYIdentifierObject.h; sourceTree = "<group>"; };
		01A1120D1D6EA5A000131431 /* JYIdentifierObject.m */ = {isa = PBXFileReference; fileEncoding = 4; lastKnownFileType = sourcecode.c.objc; path = JYIdentifierObject.m; sourceTree = "<group>"; };
		01A1120F1D6EA6FE00131431 /* JYOrderObject.h */ = {isa = PBXFileReference; fileEncoding = 4; lastKnownFileType = sourcecode.c.h; path = JYOrderObject.h; sourceTree = "<group>"; };
		01A112101D6EA6FE00131431 /* JYOrderObject.m */ = {isa = PBXFileReference; fileEncoding = 4; lastKnownFileType = sourcecode.c.objc; path = JYOrderObject.m; sourceTree = "<group>"; };
		01A112121D6EA76200131431 /* JYProductObject.h */ = {isa = PBXFileReference; fileEncoding = 4; lastKnownFileType = sourcecode.c.h; path = JYProductObject.h; sourceTree = "<group>"; };
		01A112131D6EA76200131431 /* JYProductObject.m */ = {isa = PBXFileReference; fileEncoding = 4; lastKnownFileType = sourcecode.c.objc; path = JYProductObject.m; sourceTree = "<group>"; };
		01A112151D6EA96700131431 /* JYIntegerObject.h */ = {isa = PBXFileReference; fileEncoding = 4; lastKnownFileType = sourcecode.c.h; path = JYIntegerObject.h; sourceTree = "<group>"; };
		01A112161D6EA96700131431 /* JYIntegerObject.m */ = {isa = PBXFileReference; fileEncoding = 4; lastKnownFileType = sourcecode.c.objc; path = JYIntegerObject.m; sourceTree = "<group>"; };
		01A112181D6EBFC200131431 /* JYChainObject.h */ = {isa = PBXFileReference; fileEncoding = 4; lastKnownFileType = sourcecode.c.h; path = JYChainObject.h; sourceTree = "<group>"; };
		01A112191D6EBFC200131431 /* JYChainObject.m */ = {isa = PBXFileReference; fileEncoding = 4; lastKnownFileType = sourcecode.c.objc; path = JYChainObject.m; sourceTree = "<group>"; };
		01A1121B1D6EC85600131431 /* JYProductCategoryObject.h */ = {isa = PBXFileReference; fileEncoding = 4; lastKnownFileType = sourcecode.c.h; path = JYProductCategoryObject.h; sourceTree = "<group>"; };
		01A1121C1D6EC85600131431 /* JYProductCategoryObject.m */ = {isa = PBXFileReference; fileEncoding = 4; lastKnownFileType = sourcecode.c.objc; path = JYProductCategoryObject.m; sourceTree = "<group>"; };
		01A112221D6EC94700131431 /* JYPageObject.h */ = {isa = PBXFileReference; fileEncoding = 4; lastKnownFileType = sourcecode.c.h; path = JYPageObject.h; sourceTree = "<group>"; };
		01A112231D6EC94700131431 /* JYPageObject.m */ = {isa = PBXFileReference; fileEncoding = 4; lastKnownFileType = sourcecode.c.objc; path = JYPageObject.m; sourceTree = "<group>"; };
		01A112251D6ECA1E00131431 /* JYWalletObject.h */ = {isa = PBXFileReference; fileEncoding = 4; lastKnownFileType = sourcecode.c.h; path = JYWalletObject.h; sourceTree = "<group>"; };
		01A112261D6ECA1E00131431 /* JYWalletObject.m */ = {isa = PBXFileReference; fileEncoding = 4; lastKnownFileType = sourcecode.c.objc; path = JYWalletObject.m; sourceTree = "<group>"; };
		01A112281D6ECB2000131431 /* JYWithdrawalObject.h */ = {isa = PBXFileReference; fileEncoding = 4; lastKnownFileType = sourcecode.c.h; path = JYWithdrawalObject.h; sourceTree = "<group>"; };
		01A112291D6ECB2000131431 /* JYWithdrawalObject.m */ = {isa = PBXFileReference; fileEncoding = 4; lastKnownFileType = sourcecode.c.objc; path = JYWithdrawalObject.m; sourceTree = "<group>"; };
		01A1122B1D6ECD3C00131431 /* JYCashbackObject.h */ = {isa = PBXFileReference; fileEncoding = 4; lastKnownFileType = sourcecode.c.h; path = JYCashbackObject.h; sourceTree = "<group>"; };
		01A1122C1D6ECD3C00131431 /* JYCashbackObject.m */ = {isa = PBXFileReference; fileEncoding = 4; lastKnownFileType = sourcecode.c.objc; path = JYCashbackObject.m; sourceTree = "<group>"; };
		01A1122E1D6ED53C00131431 /* JYResponseObject.h */ = {isa = PBXFileReference; fileEncoding = 4; lastKnownFileType = sourcecode.c.h; path = JYResponseObject.h; sourceTree = "<group>"; };
		01A1122F1D6ED53C00131431 /* JYResponseObject.m */ = {isa = PBXFileReference; fileEncoding = 4; lastKnownFileType = sourcecode.c.objc; path = JYResponseObject.m; sourceTree = "<group>"; };
		01A112311D6FD9B900131431 /* JYObjectModule.h */ = {isa = PBXFileReference; fileEncoding = 4; lastKnownFileType = sourcecode.c.h; path = JYObjectModule.h; sourceTree = "<group>"; };
		01A112321D6FDBF200131431 /* JYAddressObject.h */ = {isa = PBXFileReference; fileEncoding = 4; lastKnownFileType = sourcecode.c.h; path = JYAddressObject.h; sourceTree = "<group>"; };
		01A112331D6FDBF200131431 /* JYAddressObject.m */ = {isa = PBXFileReference; fileEncoding = 4; lastKnownFileType = sourcecode.c.objc; path = JYAddressObject.m; sourceTree = "<group>"; };
		01A112351D6FEC3D00131431 /* JYNullObject.h */ = {isa = PBXFileReference; fileEncoding = 4; lastKnownFileType = sourcecode.c.h; path = JYNullObject.h; sourceTree = "<group>"; };
		01A112361D6FEC3D00131431 /* JYNullObject.m */ = {isa = PBXFileReference; fileEncoding = 4; lastKnownFileType = sourcecode.c.objc; path = JYNullObject.m; sourceTree = "<group>"; };
		01A112381D704EAE00131431 /* JYRewardObject.h */ = {isa = PBXFileReference; fileEncoding = 4; lastKnownFileType = sourcecode.c.h; path = JYRewardObject.h; sourceTree = "<group>"; };
		01A112391D704EAE00131431 /* JYRewardObject.m */ = {isa = PBXFileReference; fileEncoding = 4; lastKnownFileType = sourcecode.c.objc; path = JYRewardObject.m; sourceTree = "<group>"; };
		01A1123B1D706E5A00131431 /* JYUserVerifyResponseObject.h */ = {isa = PBXFileReference; fileEncoding = 4; lastKnownFileType = sourcecode.c.h; path = JYUserVerifyResponseObject.h; sourceTree = "<group>"; };
		01A1123C1D706E5A00131431 /* JYUserVerifyResponseObject.m */ = {isa = PBXFileReference; fileEncoding = 4; lastKnownFileType = sourcecode.c.objc; path = JYUserVerifyResponseObject.m; sourceTree = "<group>"; };
		01A1123E1D70919900131431 /* JYPreorderObject.h */ = {isa = PBXFileReference; fileEncoding = 4; lastKnownFileType = sourcecode.c.h; path = JYPreorderObject.h; sourceTree = "<group>"; };
		01A1123F1D70919900131431 /* JYPreorderObject.m */ = {isa = PBXFileReference; fileEncoding = 4; lastKnownFileType = sourcecode.c.objc; path = JYPreorderObject.m; sourceTree = "<group>"; };
		01A112411D70921400131431 /* JYChargeObject.h */ = {isa = PBXFileReference; fileEncoding = 4; lastKnownFileType = sourcecode.c.h; path = JYChargeObject.h; sourceTree = "<group>"; };
		01A112421D70921400131431 /* JYChargeObject.m */ = {isa = PBXFileReference; fileEncoding = 4; lastKnownFileType = sourcecode.c.objc; path = JYChargeObject.m; sourceTree = "<group>"; };
		01A112441D70932200131431 /* JYIncomeObject.h */ = {isa = PBXFileReference; fileEncoding = 4; lastKnownFileType = sourcecode.c.h; path = JYIncomeObject.h; sourceTree = "<group>"; };
		01A112451D70932200131431 /* JYIncomeObject.m */ = {isa = PBXFileReference; fileEncoding = 4; lastKnownFileType = sourcecode.c.objc; path = JYIncomeObject.m; sourceTree = "<group>"; };
		01A112471D7093B500131431 /* JYOutcomeObject.h */ = {isa = PBXFileReference; fileEncoding = 4; lastKnownFileType = sourcecode.c.h; path = JYOutcomeObject.h; sourceTree = "<group>"; };
		01A112481D7093B500131431 /* JYOutcomeObject.m */ = {isa = PBXFileReference; fileEncoding = 4; lastKnownFileType = sourcecode.c.objc; path = JYOutcomeObject.m; sourceTree = "<group>"; };
		01A112501D7115AA00131431 /* PostObject.h */ = {isa = PBXFileReference; fileEncoding = 4; lastKnownFileType = sourcecode.c.h; path = PostObject.h; sourceTree = "<group>"; };
		01A112511D7115AA00131431 /* PostObject.m */ = {isa = PBXFileReference; fileEncoding = 4; lastKnownFileType = sourcecode.c.objc; path = PostObject.m; sourceTree = "<group>"; };
		01A112521D7115AA00131431 /* UserObject.h */ = {isa = PBXFileReference; fileEncoding = 4; lastKnownFileType = sourcecode.c.h; path = UserObject.h; sourceTree = "<group>"; };
		01A112531D7115AA00131431 /* UserObject.m */ = {isa = PBXFileReference; fileEncoding = 4; lastKnownFileType = sourcecode.c.objc; path = UserObject.m; sourceTree = "<group>"; };
		01A112561D712A8500131431 /* JYRLMObject.h */ = {isa = PBXFileReference; fileEncoding = 4; lastKnownFileType = sourcecode.c.h; path = JYRLMObject.h; sourceTree = "<group>"; };
		01A112571D712A8500131431 /* JYRLMObject.m */ = {isa = PBXFileReference; fileEncoding = 4; lastKnownFileType = sourcecode.c.objc; path = JYRLMObject.m; sourceTree = "<group>"; };
		01A113A61D74778800131431 /* _RLMRealmConfiguration.plist */ = {isa = PBXFileReference; fileEncoding = 4; lastKnownFileType = text.plist.xml; path = _RLMRealmConfiguration.plist; sourceTree = "<group>"; };
		01A113A91D74778800131431 /* JYRealmManager.h */ = {isa = PBXFileReference; fileEncoding = 4; lastKnownFileType = sourcecode.c.h; path = JYRealmManager.h; sourceTree = "<group>"; };
		01A113AA1D74778800131431 /* JYRealmManager.m */ = {isa = PBXFileReference; fileEncoding = 4; lastKnownFileType = sourcecode.c.objc; path = JYRealmManager.m; sourceTree = "<group>"; };
		01A113AB1D74778800131431 /* RLMRealm+DataHandler.h */ = {isa = PBXFileReference; fileEncoding = 4; lastKnownFileType = sourcecode.c.h; path = "RLMRealm+DataHandler.h"; sourceTree = "<group>"; };
		01A113AC1D74778800131431 /* RLMRealm+DataHandler.m */ = {isa = PBXFileReference; fileEncoding = 4; lastKnownFileType = sourcecode.c.objc; path = "RLMRealm+DataHandler.m"; sourceTree = "<group>"; };
		01A113AD1D74778800131431 /* RLMRealm+Migration.h */ = {isa = PBXFileReference; fileEncoding = 4; lastKnownFileType = sourcecode.c.h; path = "RLMRealm+Migration.h"; sourceTree = "<group>"; };
		01A113AE1D74778800131431 /* RLMRealm+Migration.m */ = {isa = PBXFileReference; fileEncoding = 4; lastKnownFileType = sourcecode.c.objc; path = "RLMRealm+Migration.m"; sourceTree = "<group>"; };
		01A113AF1D74778800131431 /* RLMRealmConfiguration+Client.h */ = {isa = PBXFileReference; fileEncoding = 4; lastKnownFileType = sourcecode.c.h; path = "RLMRealmConfiguration+Client.h"; sourceTree = "<group>"; };
		01A113B01D74778800131431 /* RLMRealmConfiguration+Client.m */ = {isa = PBXFileReference; fileEncoding = 4; lastKnownFileType = sourcecode.c.objc; path = "RLMRealmConfiguration+Client.m"; sourceTree = "<group>"; };
		01A113B71D74806F00131431 /* JYClientObject.h */ = {isa = PBXFileReference; fileEncoding = 4; lastKnownFileType = sourcecode.c.h; path = JYClientObject.h; sourceTree = "<group>"; };
		01A113B81D74806F00131431 /* JYClientObject.m */ = {isa = PBXFileReference; fileEncoding = 4; lastKnownFileType = sourcecode.c.objc; path = JYClientObject.m; sourceTree = "<group>"; };
		01A113BA1D74827100131431 /* RLMObject+KeyValue.h */ = {isa = PBXFileReference; fileEncoding = 4; lastKnownFileType = sourcecode.c.h; path = "RLMObject+KeyValue.h"; sourceTree = "<group>"; };
		01A113BB1D74827100131431 /* RLMObject+KeyValue.m */ = {isa = PBXFileReference; fileEncoding = 4; lastKnownFileType = sourcecode.c.objc; path = "RLMObject+KeyValue.m"; sourceTree = "<group>"; };
		60CC7FE29AC188273B1DD6F0 /* Pods-JYObjectModule.release.xcconfig */ = {isa = PBXFileReference; includeInIndex = 1; lastKnownFileType = text.xcconfig; name = "Pods-JYObjectModule.release.xcconfig"; path = "Pods/Target Support Files/Pods-JYObjectModule/Pods-JYObjectModule.release.xcconfig"; sourceTree = "<group>"; };
		BD7ADAD0C974A780565ACC78 /* Pods-JYObjectModule.debug.xcconfig */ = {isa = PBXFileReference; includeInIndex = 1; lastKnownFileType = text.xcconfig; name = "Pods-JYObjectModule.debug.xcconfig"; path = "Pods/Target Support Files/Pods-JYObjectModule/Pods-JYObjectModule.debug.xcconfig"; sourceTree = "<group>"; };
		BF76E61B47DFF0171C2DC70F /* libPods-JYObjectModule.a */ = {isa = PBXFileReference; explicitFileType = archive.ar; includeInIndex = 0; path = "libPods-JYObjectModule.a"; sourceTree = BUILT_PRODUCTS_DIR; };
/* End PBXFileReference section */

/* Begin PBXFrameworksBuildPhase section */
		013423791D6C4B6700799E34 /* Frameworks */ = {
			isa = PBXFrameworksBuildPhase;
			buildActionMask = 2147483647;
			files = (
				26E28937F087F5FF16E2F54D /* libPods-JYObjectModule.a in Frameworks */,
			);
			runOnlyForDeploymentPostprocessing = 0;
		};
		013423921D6C4B6700799E34 /* Frameworks */ = {
			isa = PBXFrameworksBuildPhase;
			buildActionMask = 2147483647;
			files = (
			);
			runOnlyForDeploymentPostprocessing = 0;
		};
		0134239D1D6C4B6700799E34 /* Frameworks */ = {
			isa = PBXFrameworksBuildPhase;
			buildActionMask = 2147483647;
			files = (
			);
			runOnlyForDeploymentPostprocessing = 0;
		};
/* End PBXFrameworksBuildPhase section */

/* Begin PBXGroup section */
		013423731D6C4B6700799E34 = {
			isa = PBXGroup;
			children = (
				0134237E1D6C4B6700799E34 /* JYObjectModule */,
				013423981D6C4B6700799E34 /* JYObjectModuleTests */,
				013423A31D6C4B6700799E34 /* JYObjectModuleUITests */,
				0134237D1D6C4B6700799E34 /* Products */,
				378E786BB84A00029C0FE7BD /* Pods */,
				938A23D10F5CEB21968AFE89 /* Frameworks */,
			);
			sourceTree = "<group>";
		};
		0134237D1D6C4B6700799E34 /* Products */ = {
			isa = PBXGroup;
			children = (
				0134237C1D6C4B6700799E34 /* JYObjectModule.app */,
				013423951D6C4B6700799E34 /* JYObjectModuleTests.xctest */,
				013423A01D6C4B6700799E34 /* JYObjectModuleUITests.xctest */,
			);
			name = Products;
			sourceTree = "<group>";
		};
		0134237E1D6C4B6700799E34 /* JYObjectModule */ = {
			isa = PBXGroup;
			children = (
				013423821D6C4B6700799E34 /* AppDelegate.h */,
				013423831D6C4B6700799E34 /* AppDelegate.m */,
				013423851D6C4B6700799E34 /* ViewController.h */,
				013423861D6C4B6700799E34 /* ViewController.m */,
				01A112501D7115AA00131431 /* PostObject.h */,
				01A112511D7115AA00131431 /* PostObject.m */,
				01A112521D7115AA00131431 /* UserObject.h */,
				01A112531D7115AA00131431 /* UserObject.m */,
				01A111ED1D6DD52700131431 /* Models */,
				013423881D6C4B6700799E34 /* Main.storyboard */,
				0134238B1D6C4B6700799E34 /* Assets.xcassets */,
				0134238D1D6C4B6700799E34 /* LaunchScreen.storyboard */,
				013423901D6C4B6700799E34 /* Info.plist */,
				0134237F1D6C4B6700799E34 /* Supporting Files */,
			);
			path = JYObjectModule;
			sourceTree = "<group>";
		};
		0134237F1D6C4B6700799E34 /* Supporting Files */ = {
			isa = PBXGroup;
			children = (
				013423801D6C4B6700799E34 /* main.m */,
			);
			name = "Supporting Files";
			sourceTree = "<group>";
		};
		013423981D6C4B6700799E34 /* JYObjectModuleTests */ = {
			isa = PBXGroup;
			children = (
				013423991D6C4B6700799E34 /* JYObjectModuleTests.m */,
				0134239B1D6C4B6700799E34 /* Info.plist */,
			);
			path = JYObjectModuleTests;
			sourceTree = "<group>";
		};
		013423A31D6C4B6700799E34 /* JYObjectModuleUITests */ = {
			isa = PBXGroup;
			children = (
				013423A41D6C4B6700799E34 /* JYObjectModuleUITests.m */,
				013423A61D6C4B6700799E34 /* Info.plist */,
			);
			path = JYObjectModuleUITests;
			sourceTree = "<group>";
		};
		01A111ED1D6DD52700131431 /* Models */ = {
			isa = PBXGroup;
			children = (
				01A112311D6FD9B900131431 /* JYObjectModule.h */,
				01A113A51D74778800131431 /* Storage */,
				01A112211D6EC94700131431 /* Normal */,
				01A111EE1D6DD52700131431 /* JYObject.h */,
				01A111EF1D6DD52700131431 /* JYObject.m */,
				01A112561D712A8500131431 /* JYRLMObject.h */,
				01A112571D712A8500131431 /* JYRLMObject.m */,
				01A112001D6E8AB600131431 /* JYPostObject.h */,
				01A112011D6E8AB600131431 /* JYPostObject.m */,
				01A111FD1D6E87EC00131431 /* JYUserObject.h */,
				01A111FE1D6E87EC00131431 /* JYUserObject.m */,
				01A1120F1D6EA6FE00131431 /* JYOrderObject.h */,
				01A112101D6EA6FE00131431 /* JYOrderObject.m */,
				01A112181D6EBFC200131431 /* JYChainObject.h */,
				01A112191D6EBFC200131431 /* JYChainObject.m */,
				01A112251D6ECA1E00131431 /* JYWalletObject.h */,
				01A112261D6ECA1E00131431 /* JYWalletObject.m */,
				01A111F11D6DD54A00131431 /* JYImageObject.h */,
				01A111F21D6DD54A00131431 /* JYImageObject.m */,
				01A112031D6E8CFD00131431 /* JYStringObject.h */,
				01A112041D6E8CFD00131431 /* JYStringObject.m */,
				01A112151D6EA96700131431 /* JYIntegerObject.h */,
				01A112161D6EA96700131431 /* JYIntegerObject.m */,
				01A112411D70921400131431 /* JYChargeObject.h */,
				01A112421D70921400131431 /* JYChargeObject.m */,
				01A112441D70932200131431 /* JYIncomeObject.h */,
				01A112451D70932200131431 /* JYIncomeObject.m */,
				01A112381D704EAE00131431 /* JYRewardObject.h */,
				01A112391D704EAE00131431 /* JYRewardObject.m */,
				01A111F41D6DD6AC00131431 /* JYBannerObject.h */,
				01A111F51D6DD6AC00131431 /* JYBannerObject.m */,
				01A112321D6FDBF200131431 /* JYAddressObject.h */,
				01A112331D6FDBF200131431 /* JYAddressObject.m */,
				01A112121D6EA76200131431 /* JYProductObject.h */,
				01A112131D6EA76200131431 /* JYProductObject.m */,
				01A111F71D6DDAA000131431 /* JYLocationObject.h */,
				01A111F81D6DDAA000131431 /* JYLocationObject.m */,
				01A1123E1D70919900131431 /* JYPreorderObject.h */,
				01A1123F1D70919900131431 /* JYPreorderObject.m */,
				01A112471D7093B500131431 /* JYOutcomeObject.h */,
				01A112481D7093B500131431 /* JYOutcomeObject.m */,
				01A1120C1D6EA5A000131431 /* JYIdentifierObject.h */,
				01A1120D1D6EA5A000131431 /* JYIdentifierObject.m */,
				01A111FA1D6DDBB200131431 /* JYCommentObject.h */,
				01A111FB1D6DDBB200131431 /* JYCommentObject.m */,
				01A1122B1D6ECD3C00131431 /* JYCashbackObject.h */,
				01A1122C1D6ECD3C00131431 /* JYCashbackObject.m */,
				01A112281D6ECB2000131431 /* JYWithdrawalObject.h */,
				01A112291D6ECB2000131431 /* JYWithdrawalObject.m */,
				01A112091D6E9E0400131431 /* JYPushNotificationObject.h */,
				01A1120A1D6E9E0400131431 /* JYPushNotificationObject.m */,
				01A1121B1D6EC85600131431 /* JYProductCategoryObject.h */,
				01A1121C1D6EC85600131431 /* JYProductCategoryObject.m */,
			);
			path = Models;
			sourceTree = "<group>";
		};
		01A112211D6EC94700131431 /* Normal */ = {
			isa = PBXGroup;
			children = (
				01A112351D6FEC3D00131431 /* JYNullObject.h */,
				01A112361D6FEC3D00131431 /* JYNullObject.m */,
				01A112221D6EC94700131431 /* JYPageObject.h */,
				01A112231D6EC94700131431 /* JYPageObject.m */,
				01A1122E1D6ED53C00131431 /* JYResponseObject.h */,
				01A1122F1D6ED53C00131431 /* JYResponseObject.m */,
				01A1123B1D706E5A00131431 /* JYUserVerifyResponseObject.h */,
				01A1123C1D706E5A00131431 /* JYUserVerifyResponseObject.m */,
			);
			path = Normal;
			sourceTree = "<group>";
		};
		01A113A51D74778800131431 /* Storage */ = {
			isa = PBXGroup;
			children = (
				01A113B71D74806F00131431 /* JYClientObject.h */,
				01A113B81D74806F00131431 /* JYClientObject.m */,
				01A113A91D74778800131431 /* JYRealmManager.h */,
				01A113AA1D74778800131431 /* JYRealmManager.m */,
				01A113BA1D74827100131431 /* RLMObject+KeyValue.h */,
				01A113BB1D74827100131431 /* RLMObject+KeyValue.m */,
				01A113AD1D74778800131431 /* RLMRealm+Migration.h */,
				01A113AE1D74778800131431 /* RLMRealm+Migration.m */,
				01A113AB1D74778800131431 /* RLMRealm+DataHandler.h */,
				01A113AC1D74778800131431 /* RLMRealm+DataHandler.m */,
				01A113AF1D74778800131431 /* RLMRealmConfiguration+Client.h */,
				01A113B01D74778800131431 /* RLMRealmConfiguration+Client.m */,
				01A113A61D74778800131431 /* _RLMRealmConfiguration.plist */,
			);
			path = Storage;
			sourceTree = "<group>";
		};
		378E786BB84A00029C0FE7BD /* Pods */ = {
			isa = PBXGroup;
			children = (
				BD7ADAD0C974A780565ACC78 /* Pods-JYObjectModule.debug.xcconfig */,
				60CC7FE29AC188273B1DD6F0 /* Pods-JYObjectModule.release.xcconfig */,
			);
			name = Pods;
			sourceTree = "<group>";
		};
		938A23D10F5CEB21968AFE89 /* Frameworks */ = {
			isa = PBXGroup;
			children = (
				BF76E61B47DFF0171C2DC70F /* libPods-JYObjectModule.a */,
			);
			name = Frameworks;
			sourceTree = "<group>";
		};
/* End PBXGroup section */

/* Begin PBXNativeTarget section */
		0134237B1D6C4B6700799E34 /* JYObjectModule */ = {
			isa = PBXNativeTarget;
			buildConfigurationList = 013423A91D6C4B6700799E34 /* Build configuration list for PBXNativeTarget "JYObjectModule" */;
			buildPhases = (
				3FD9DEE5FD708E029EF1C452 /* [CP] Check Pods Manifest.lock */,
				013423781D6C4B6700799E34 /* Sources */,
				013423791D6C4B6700799E34 /* Frameworks */,
				0134237A1D6C4B6700799E34 /* Resources */,
				50865DDC4136BB74A19A6068 /* [CP] Embed Pods Frameworks */,
				AAF4BF75A7C012F6F1A0C236 /* [CP] Copy Pods Resources */,
			);
			buildRules = (
			);
			dependencies = (
			);
			name = JYObjectModule;
			productName = JYObjectModule;
			productReference = 0134237C1D6C4B6700799E34 /* JYObjectModule.app */;
			productType = "com.apple.product-type.application";
		};
		013423941D6C4B6700799E34 /* JYObjectModuleTests */ = {
			isa = PBXNativeTarget;
			buildConfigurationList = 013423AC1D6C4B6700799E34 /* Build configuration list for PBXNativeTarget "JYObjectModuleTests" */;
			buildPhases = (
				013423911D6C4B6700799E34 /* Sources */,
				013423921D6C4B6700799E34 /* Frameworks */,
				013423931D6C4B6700799E34 /* Resources */,
			);
			buildRules = (
			);
			dependencies = (
				013423971D6C4B6700799E34 /* PBXTargetDependency */,
			);
			name = JYObjectModuleTests;
			productName = JYObjectModuleTests;
			productReference = 013423951D6C4B6700799E34 /* JYObjectModuleTests.xctest */;
			productType = "com.apple.product-type.bundle.unit-test";
		};
		0134239F1D6C4B6700799E34 /* JYObjectModuleUITests */ = {
			isa = PBXNativeTarget;
			buildConfigurationList = 013423AF1D6C4B6700799E34 /* Build configuration list for PBXNativeTarget "JYObjectModuleUITests" */;
			buildPhases = (
				0134239C1D6C4B6700799E34 /* Sources */,
				0134239D1D6C4B6700799E34 /* Frameworks */,
				0134239E1D6C4B6700799E34 /* Resources */,
			);
			buildRules = (
			);
			dependencies = (
				013423A21D6C4B6700799E34 /* PBXTargetDependency */,
			);
			name = JYObjectModuleUITests;
			productName = JYObjectModuleUITests;
			productReference = 013423A01D6C4B6700799E34 /* JYObjectModuleUITests.xctest */;
			productType = "com.apple.product-type.bundle.ui-testing";
		};
/* End PBXNativeTarget section */

/* Begin PBXProject section */
		013423741D6C4B6700799E34 /* Project object */ = {
			isa = PBXProject;
			attributes = {
				LastUpgradeCheck = 0730;
				ORGANIZATIONNAME = jiangyou;
				TargetAttributes = {
					0134237B1D6C4B6700799E34 = {
						CreatedOnToolsVersion = 7.3.1;
					};
					013423941D6C4B6700799E34 = {
						CreatedOnToolsVersion = 7.3.1;
						TestTargetID = 0134237B1D6C4B6700799E34;
					};
					0134239F1D6C4B6700799E34 = {
						CreatedOnToolsVersion = 7.3.1;
						TestTargetID = 0134237B1D6C4B6700799E34;
					};
				};
			};
			buildConfigurationList = 013423771D6C4B6700799E34 /* Build configuration list for PBXProject "JYObjectModule" */;
			compatibilityVersion = "Xcode 3.2";
			developmentRegion = English;
			hasScannedForEncodings = 0;
			knownRegions = (
				en,
				Base,
			);
			mainGroup = 013423731D6C4B6700799E34;
			productRefGroup = 0134237D1D6C4B6700799E34 /* Products */;
			projectDirPath = "";
			projectRoot = "";
			targets = (
				0134237B1D6C4B6700799E34 /* JYObjectModule */,
				013423941D6C4B6700799E34 /* JYObjectModuleTests */,
				0134239F1D6C4B6700799E34 /* JYObjectModuleUITests */,
			);
		};
/* End PBXProject section */

/* Begin PBXResourcesBuildPhase section */
		0134237A1D6C4B6700799E34 /* Resources */ = {
			isa = PBXResourcesBuildPhase;
			buildActionMask = 2147483647;
			files = (
				0134238F1D6C4B6700799E34 /* LaunchScreen.storyboard in Resources */,
				01A113B11D74778800131431 /* _RLMRealmConfiguration.plist in Resources */,
				0134238C1D6C4B6700799E34 /* Assets.xcassets in Resources */,
				0134238A1D6C4B6700799E34 /* Main.storyboard in Resources */,
			);
			runOnlyForDeploymentPostprocessing = 0;
		};
		013423931D6C4B6700799E34 /* Resources */ = {
			isa = PBXResourcesBuildPhase;
			buildActionMask = 2147483647;
			files = (
			);
			runOnlyForDeploymentPostprocessing = 0;
		};
		0134239E1D6C4B6700799E34 /* Resources */ = {
			isa = PBXResourcesBuildPhase;
			buildActionMask = 2147483647;
			files = (
			);
			runOnlyForDeploymentPostprocessing = 0;
		};
/* End PBXResourcesBuildPhase section */

/* Begin PBXShellScriptBuildPhase section */
		3FD9DEE5FD708E029EF1C452 /* [CP] Check Pods Manifest.lock */ = {
			isa = PBXShellScriptBuildPhase;
			buildActionMask = 2147483647;
			files = (
			);
			inputPaths = (
			);
			name = "[CP] Check Pods Manifest.lock";
			outputPaths = (
			);
			runOnlyForDeploymentPostprocessing = 0;
			shellPath = /bin/sh;
			shellScript = "diff \"${PODS_ROOT}/../Podfile.lock\" \"${PODS_ROOT}/Manifest.lock\" > /dev/null\nif [ $? != 0 ] ; then\n    # print error to STDERR\n    echo \"error: The sandbox is not in sync with the Podfile.lock. Run 'pod install' or update your CocoaPods installation.\" >&2\n    exit 1\nfi\n";
			showEnvVarsInLog = 0;
		};
		50865DDC4136BB74A19A6068 /* [CP] Embed Pods Frameworks */ = {
			isa = PBXShellScriptBuildPhase;
			buildActionMask = 2147483647;
			files = (
			);
			inputPaths = (
			);
			name = "[CP] Embed Pods Frameworks";
			outputPaths = (
			);
			runOnlyForDeploymentPostprocessing = 0;
			shellPath = /bin/sh;
			shellScript = "\"${SRCROOT}/Pods/Target Support Files/Pods-JYObjectModule/Pods-JYObjectModule-frameworks.sh\"\n";
			showEnvVarsInLog = 0;
		};
		AAF4BF75A7C012F6F1A0C236 /* [CP] Copy Pods Resources */ = {
			isa = PBXShellScriptBuildPhase;
			buildActionMask = 2147483647;
			files = (
			);
			inputPaths = (
			);
			name = "[CP] Copy Pods Resources";
			outputPaths = (
			);
			runOnlyForDeploymentPostprocessing = 0;
			shellPath = /bin/sh;
			shellScript = "\"${SRCROOT}/Pods/Target Support Files/Pods-JYObjectModule/Pods-JYObjectModule-resources.sh\"\n";
			showEnvVarsInLog = 0;
		};
/* End PBXShellScriptBuildPhase section */

/* Begin PBXSourcesBuildPhase section */
		013423781D6C4B6700799E34 /* Sources */ = {
			isa = PBXSourcesBuildPhase;
			buildActionMask = 2147483647;
			files = (
				013423871D6C4B6700799E34 /* ViewController.m in Sources */,
				01A112371D6FEC3D00131431 /* JYNullObject.m in Sources */,
				01A112401D70919900131431 /* JYPreorderObject.m in Sources */,
				01A1123A1D704EAE00131431 /* JYRewardObject.m in Sources */,
				01A112541D7115AA00131431 /* PostObject.m in Sources */,
				01A111FC1D6DDBB200131431 /* JYCommentObject.m in Sources */,
				01A113B31D74778800131431 /* JYRealmManager.m in Sources */,
				013423841D6C4B6700799E34 /* AppDelegate.m in Sources */,
				013423811D6C4B6700799E34 /* main.m in Sources */,
				01A112341D6FDBF200131431 /* JYAddressObject.m in Sources */,
				01A112241D6EC94700131431 /* JYPageObject.m in Sources */,
				01A1122A1D6ECB2000131431 /* JYWithdrawalObject.m in Sources */,
				01A113B51D74778800131431 /* RLMRealm+Migration.m in Sources */,
				01A113B61D74778800131431 /* RLMRealmConfiguration+Client.m in Sources */,
				01A112171D6EA96700131431 /* JYIntegerObject.m in Sources */,
				01A1121D1D6EC85600131431 /* JYProductCategoryObject.m in Sources */,
				01A1120E1D6EA5A000131431 /* JYIdentifierObject.m in Sources */,
				01A111F31D6DD54A00131431 /* JYImageObject.m in Sources */,
				01A112461D70932200131431 /* JYIncomeObject.m in Sources */,
				01A112301D6ED53C00131431 /* JYResponseObject.m in Sources */,
				01A112021D6E8AB600131431 /* JYPostObject.m in Sources */,
				01A111F01D6DD52700131431 /* JYObject.m in Sources */,
				01A113BC1D74827100131431 /* RLMObject+KeyValue.m in Sources */,
				01A112551D7115AA00131431 /* UserObject.m in Sources */,
				01A111F91D6DDAA000131431 /* JYLocationObject.m in Sources */,
				01A1122D1D6ECD3C00131431 /* JYCashbackObject.m in Sources */,
				01A111FF1D6E87EC00131431 /* JYUserObject.m in Sources */,
				01A112111D6EA6FE00131431 /* JYOrderObject.m in Sources */,
				01A112431D70921400131431 /* JYChargeObject.m in Sources */,
				01A111F61D6DD6AC00131431 /* JYBannerObject.m in Sources */,
				01A1123D1D706E5A00131431 /* JYUserVerifyResponseObject.m in Sources */,
				01A1121A1D6EBFC200131431 /* JYChainObject.m in Sources */,
				01A112141D6EA76200131431 /* JYProductObject.m in Sources */,
				01A112581D712A8500131431 /* JYRLMObject.m in Sources */,
				01A1120B1D6E9E0400131431 /* JYPushNotificationObject.m in Sources */,
				01A112271D6ECA1E00131431 /* JYWalletObject.m in Sources */,
				01A112051D6E8CFD00131431 /* JYStringObject.m in Sources */,
				01A113B41D74778800131431 /* RLMRealm+DataHandler.m in Sources */,
				01A112491D7093B500131431 /* JYOutcomeObject.m in Sources */,
				01A113B91D74806F00131431 /* JYClientObject.m in Sources */,
			);
			runOnlyForDeploymentPostprocessing = 0;
		};
		013423911D6C4B6700799E34 /* Sources */ = {
			isa = PBXSourcesBuildPhase;
			buildActionMask = 2147483647;
			files = (
				0134239A1D6C4B6700799E34 /* JYObjectModuleTests.m in Sources */,
			);
			runOnlyForDeploymentPostprocessing = 0;
		};
		0134239C1D6C4B6700799E34 /* Sources */ = {
			isa = PBXSourcesBuildPhase;
			buildActionMask = 2147483647;
			files = (
				013423A51D6C4B6700799E34 /* JYObjectModuleUITests.m in Sources */,
			);
			runOnlyForDeploymentPostprocessing = 0;
		};
/* End PBXSourcesBuildPhase section */

/* Begin PBXTargetDependency section */
		013423971D6C4B6700799E34 /* PBXTargetDependency */ = {
			isa = PBXTargetDependency;
			target = 0134237B1D6C4B6700799E34 /* JYObjectModule */;
			targetProxy = 013423961D6C4B6700799E34 /* PBXContainerItemProxy */;
		};
		013423A21D6C4B6700799E34 /* PBXTargetDependency */ = {
			isa = PBXTargetDependency;
			target = 0134237B1D6C4B6700799E34 /* JYObjectModule */;
			targetProxy = 013423A11D6C4B6700799E34 /* PBXContainerItemProxy */;
		};
/* End PBXTargetDependency section */

/* Begin PBXVariantGroup section */
		013423881D6C4B6700799E34 /* Main.storyboard */ = {
			isa = PBXVariantGroup;
			children = (
				013423891D6C4B6700799E34 /* Base */,
			);
			name = Main.storyboard;
			sourceTree = "<group>";
		};
		0134238D1D6C4B6700799E34 /* LaunchScreen.storyboard */ = {
			isa = PBXVariantGroup;
			children = (
				0134238E1D6C4B6700799E34 /* Base */,
			);
			name = LaunchScreen.storyboard;
			sourceTree = "<group>";
		};
/* End PBXVariantGroup section */

/* Begin XCBuildConfiguration section */
		013423A71D6C4B6700799E34 /* Debug */ = {
			isa = XCBuildConfiguration;
			buildSettings = {
				ALWAYS_SEARCH_USER_PATHS = NO;
				CLANG_ANALYZER_NONNULL = YES;
				CLANG_CXX_LANGUAGE_STANDARD = "gnu++0x";
				CLANG_CXX_LIBRARY = "libc++";
				CLANG_ENABLE_MODULES = YES;
				CLANG_ENABLE_OBJC_ARC = YES;
				CLANG_WARN_BOOL_CONVERSION = YES;
				CLANG_WARN_CONSTANT_CONVERSION = YES;
				CLANG_WARN_DIRECT_OBJC_ISA_USAGE = YES_ERROR;
				CLANG_WARN_EMPTY_BODY = YES;
				CLANG_WARN_ENUM_CONVERSION = YES;
				CLANG_WARN_INT_CONVERSION = YES;
				CLANG_WARN_OBJC_ROOT_CLASS = YES_ERROR;
				CLANG_WARN_UNREACHABLE_CODE = YES;
				CLANG_WARN__DUPLICATE_METHOD_MATCH = YES;
				"CODE_SIGN_IDENTITY[sdk=iphoneos*]" = "iPhone Developer";
				COPY_PHASE_STRIP = NO;
				DEBUG_INFORMATION_FORMAT = dwarf;
				ENABLE_STRICT_OBJC_MSGSEND = YES;
				ENABLE_TESTABILITY = YES;
				GCC_C_LANGUAGE_STANDARD = gnu99;
				GCC_DYNAMIC_NO_PIC = NO;
				GCC_NO_COMMON_BLOCKS = YES;
				GCC_OPTIMIZATION_LEVEL = 0;
				GCC_PREPROCESSOR_DEFINITIONS = (
					"DEBUG=1",
					"$(inherited)",
				);
				GCC_WARN_64_TO_32_BIT_CONVERSION = YES;
				GCC_WARN_ABOUT_RETURN_TYPE = YES_ERROR;
				GCC_WARN_UNDECLARED_SELECTOR = YES;
				GCC_WARN_UNINITIALIZED_AUTOS = YES_AGGRESSIVE;
				GCC_WARN_UNUSED_FUNCTION = YES;
				GCC_WARN_UNUSED_VARIABLE = YES;
				IPHONEOS_DEPLOYMENT_TARGET = 9.3;
				MTL_ENABLE_DEBUG_INFO = YES;
				ONLY_ACTIVE_ARCH = YES;
				SDKROOT = iphoneos;
			};
			name = Debug;
		};
		013423A81D6C4B6700799E34 /* Release */ = {
			isa = XCBuildConfiguration;
			buildSettings = {
				ALWAYS_SEARCH_USER_PATHS = NO;
				CLANG_ANALYZER_NONNULL = YES;
				CLANG_CXX_LANGUAGE_STANDARD = "gnu++0x";
				CLANG_CXX_LIBRARY = "libc++";
				CLANG_ENABLE_MODULES = YES;
				CLANG_ENABLE_OBJC_ARC = YES;
				CLANG_WARN_BOOL_CONVERSION = YES;
				CLANG_WARN_CONSTANT_CONVERSION = YES;
				CLANG_WARN_DIRECT_OBJC_ISA_USAGE = YES_ERROR;
				CLANG_WARN_EMPTY_BODY = YES;
				CLANG_WARN_ENUM_CONVERSION = YES;
				CLANG_WARN_INT_CONVERSION = YES;
				CLANG_WARN_OBJC_ROOT_CLASS = YES_ERROR;
				CLANG_WARN_UNREACHABLE_CODE = YES;
				CLANG_WARN__DUPLICATE_METHOD_MATCH = YES;
				"CODE_SIGN_IDENTITY[sdk=iphoneos*]" = "iPhone Developer";
				COPY_PHASE_STRIP = NO;
				DEBUG_INFORMATION_FORMAT = "dwarf-with-dsym";
				ENABLE_NS_ASSERTIONS = NO;
				ENABLE_STRICT_OBJC_MSGSEND = YES;
				GCC_C_LANGUAGE_STANDARD = gnu99;
				GCC_NO_COMMON_BLOCKS = YES;
				GCC_WARN_64_TO_32_BIT_CONVERSION = YES;
				GCC_WARN_ABOUT_RETURN_TYPE = YES_ERROR;
				GCC_WARN_UNDECLARED_SELECTOR = YES;
				GCC_WARN_UNINITIALIZED_AUTOS = YES_AGGRESSIVE;
				GCC_WARN_UNUSED_FUNCTION = YES;
				GCC_WARN_UNUSED_VARIABLE = YES;
				IPHONEOS_DEPLOYMENT_TARGET = 9.3;
				MTL_ENABLE_DEBUG_INFO = NO;
				SDKROOT = iphoneos;
				VALIDATE_PRODUCT = YES;
			};
			name = Release;
		};
		013423AA1D6C4B6700799E34 /* Debug */ = {
			isa = XCBuildConfiguration;
			baseConfigurationReference = BD7ADAD0C974A780565ACC78 /* Pods-JYObjectModule.debug.xcconfig */;
			buildSettings = {
				ASSETCATALOG_COMPILER_APPICON_NAME = AppIcon;
				INFOPLIST_FILE = JYObjectModule/Info.plist;
				LD_RUNPATH_SEARCH_PATHS = "$(inherited) @executable_path/Frameworks";
				PRODUCT_BUNDLE_IDENTIFIER = com.jiangyou.jyobjectmodule;
				PRODUCT_NAME = "$(TARGET_NAME)";
			};
			name = Debug;
		};
		013423AB1D6C4B6700799E34 /* Release */ = {
			isa = XCBuildConfiguration;
			baseConfigurationReference = 60CC7FE29AC188273B1DD6F0 /* Pods-JYObjectModule.release.xcconfig */;
			buildSettings = {
				ASSETCATALOG_COMPILER_APPICON_NAME = AppIcon;
				INFOPLIST_FILE = JYObjectModule/Info.plist;
				LD_RUNPATH_SEARCH_PATHS = "$(inherited) @executable_path/Frameworks";
				PRODUCT_BUNDLE_IDENTIFIER = com.jiangyou.jyobjectmodule;
				PRODUCT_NAME = "$(TARGET_NAME)";
			};
			name = Release;
		};
		013423AD1D6C4B6700799E34 /* Debug */ = {
			isa = XCBuildConfiguration;
			buildSettings = {
				BUNDLE_LOADER = "$(TEST_HOST)";
				INFOPLIST_FILE = JYObjectModuleTests/Info.plist;
				LD_RUNPATH_SEARCH_PATHS = "$(inherited) @executable_path/Frameworks @loader_path/Frameworks";
				PRODUCT_BUNDLE_IDENTIFIER = com.jiangyou.JYObjectModuleTests;
				PRODUCT_NAME = "$(TARGET_NAME)";
				TEST_HOST = "$(BUILT_PRODUCTS_DIR)/JYObjectModule.app/JYObjectModule";
			};
			name = Debug;
		};
		013423AE1D6C4B6700799E34 /* Release */ = {
			isa = XCBuildConfiguration;
			buildSettings = {
				BUNDLE_LOADER = "$(TEST_HOST)";
				INFOPLIST_FILE = JYObjectModuleTests/Info.plist;
				LD_RUNPATH_SEARCH_PATHS = "$(inherited) @executable_path/Frameworks @loader_path/Frameworks";
				PRODUCT_BUNDLE_IDENTIFIER = com.jiangyou.JYObjectModuleTests;
				PRODUCT_NAME = "$(TARGET_NAME)";
				TEST_HOST = "$(BUILT_PRODUCTS_DIR)/JYObjectModule.app/JYObjectModule";
			};
			name = Release;
		};
		013423B01D6C4B6700799E34 /* Debug */ = {
			isa = XCBuildConfiguration;
			buildSettings = {
				INFOPLIST_FILE = JYObjectModuleUITests/Info.plist;
				LD_RUNPATH_SEARCH_PATHS = "$(inherited) @executable_path/Frameworks @loader_path/Frameworks";
				PRODUCT_BUNDLE_IDENTIFIER = com.jiangyou.JYObjectModuleUITests;
				PRODUCT_NAME = "$(TARGET_NAME)";
				TEST_TARGET_NAME = JYObjectModule;
			};
			name = Debug;
		};
		013423B11D6C4B6700799E34 /* Release */ = {
			isa = XCBuildConfiguration;
			buildSettings = {
				INFOPLIST_FILE = JYObjectModuleUITests/Info.plist;
				LD_RUNPATH_SEARCH_PATHS = "$(inherited) @executable_path/Frameworks @loader_path/Frameworks";
				PRODUCT_BUNDLE_IDENTIFIER = com.jiangyou.JYObjectModuleUITests;
				PRODUCT_NAME = "$(TARGET_NAME)";
				TEST_TARGET_NAME = JYObjectModule;
			};
			name = Release;
		};
/* End XCBuildConfiguration section */

/* Begin XCConfigurationList section */
		013423771D6C4B6700799E34 /* Build configuration list for PBXProject "JYObjectModule" */ = {
			isa = XCConfigurationList;
			buildConfigurations = (
				013423A71D6C4B6700799E34 /* Debug */,
				013423A81D6C4B6700799E34 /* Release */,
			);
			defaultConfigurationIsVisible = 0;
			defaultConfigurationName = Release;
		};
		013423A91D6C4B6700799E34 /* Build configuration list for PBXNativeTarget "JYObjectModule" */ = {
			isa = XCConfigurationList;
			buildConfigurations = (
				013423AA1D6C4B6700799E34 /* Debug */,
				013423AB1D6C4B6700799E34 /* Release */,
			);
			defaultConfigurationIsVisible = 0;
			defaultConfigurationName = Release;
		};
		013423AC1D6C4B6700799E34 /* Build configuration list for PBXNativeTarget "JYObjectModuleTests" */ = {
			isa = XCConfigurationList;
			buildConfigurations = (
				013423AD1D6C4B6700799E34 /* Debug */,
				013423AE1D6C4B6700799E34 /* Release */,
			);
			defaultConfigurationIsVisible = 0;
			defaultConfigurationName = Release;
		};
		013423AF1D6C4B6700799E34 /* Build configuration list for PBXNativeTarget "JYObjectModuleUITests" */ = {
			isa = XCConfigurationList;
			buildConfigurations = (
				013423B01D6C4B6700799E34 /* Debug */,
				013423B11D6C4B6700799E34 /* Release */,
			);
			defaultConfigurationIsVisible = 0;
			defaultConfigurationName = Release;
		};
/* End XCConfigurationList section */
	};
	rootObject = 013423741D6C4B6700799E34 /* Project object */;
}
